# Generated by pub
# See https://dart.dev/tools/pub/glossary#lockfile
packages:
  angles:
    dependency: transitive
    description:
      name: angles
      url: "https://pub.dartlang.org"
    source: hosted
    version: "1.2.1"
  daylight:
    dependency: "direct main"
    description:
      path: ".."
      relative: true
    source: path
    version: "1.0.0"
  intl:
    dependency: transitive
    description:
      name: intl
      url: "https://pub.dartlang.org"
    source: hosted
    version: "0.16.1"
  meta:
    dependency: transitive
    description:
      name: meta
      url: "https://pub.dartlang.org"
    source: hosted
    version: "1.1.8"
  path:
    dependency: transitive
    description:
      name: path
      url: "https://pub.dartlang.org"
    source: hosted
    version: "1.6.4"
sdks:
  dart: ">=2.6.0 <3.0.0"
